
Microsoft Visual Studio Solution File, Format Version 12.00
# Visual Studio 15
VisualStudioVersion = 15.0.28010.2003
MinimumVisualStudioVersion = 10.0.40219.1
Project("{FAE04EC0-301F-11D3-BF4B-00C04F79EFBC}") = "LinkedList", "LinkedList\LinkedList.csproj", "{785229B6-4477-43C8-A94E-83127F502189}"
EndProject
Global
	GlobalSection(SolutionConfigurationPlatforms) = preSolution
		Debug|Any CPU = Debug|Any CPU
		Release|Any CPU = Release|Any CPU
	EndGlobalSection
	GlobalSection(ProjectConfigurationPlatforms) = postSolution
		{785229B6-4477-43C8-A94E-83127F502189}.Debug|Any CPU.ActiveCfg = Debug|Any CPU
		{785229B6-4477-43C8-A94E-83127F502189}.Debug|Any CPU.Build.0 = Debug|Any CPU
		{785229B6-4477-43C8-A94E-83127F502189}.Release|Any CPU.ActiveCfg = Release|Any CPU
		{785229B6-4477-43C8-A94E-83127F502189}.Release|Any CPU.Build.0 = Release|Any CPU
	EndGlobalSection
	GlobalSection(SolutionProperties) = preSolution
		HideSolutionNode = FALSE
	EndGlobalSection
	GlobalSection(ExtensibilityGlobals) = postSolution
		SolutionGuid = {48540BA3-82D2-423F-85D7-41CCA63C76C7}
	EndGlobalSection
EndGlobal
